
Microsoft Visual Studio Solution File, Format Version 12.00
# Visual Studio Version 16
VisualStudioVersion = 16.0.31129.286
MinimumVisualStudioVersion = 10.0.40219.1
Project("{2150E333-8FDC-42A3-9474-1A3956D46DE8}") = "src", "src", "{07AB5999-6918-465B-8385-9B74009CCDE6}"
EndProject
Project("{2150E333-8FDC-42A3-9474-1A3956D46DE8}") = "tests", "tests", "{FCD979A0-EBC0-49A8-A2CB-A08564E2D36F}"
EndProject
Project("{9A19103F-16F7-4668-BE54-9A1E7A4F7556}") = "WebUI", "src\WebUI\WebUI.csproj", "{AC6420E0-1956-488B-9A9D-5A9E9CDF3FD4}"
EndProject
Project("{9A19103F-16F7-4668-BE54-9A1E7A4F7556}") = "Application", "src\Application\Application.csproj", "{50C3F6B8-51EA-480E-B2C2-05D74003ED63}"
EndProject
Project("{9A19103F-16F7-4668-BE54-9A1E7A4F7556}") = "Domain", "src\Domain\Domain.csproj", "{E2E993B2-A1ED-4246-91EE-F8D6C5DEB41E}"
EndProject
Project("{9A19103F-16F7-4668-BE54-9A1E7A4F7556}") = "ApplicationUnitTests", "tests\ApplicationUnitTests\ApplicationUnitTests.csproj", "{129A32E9-9813-4F20-B51D-D48531D3F5D9}"
EndProject
Project("{2150E333-8FDC-42A3-9474-1A3956D46DE8}") = "TestingLibrariesBeforeNuget", "TestingLibrariesBeforeNuget", "{099C5918-C197-4F94-9570-E16D184A6CBD}"
EndProject
Project("{9A19103F-16F7-4668-BE54-9A1E7A4F7556}") = "CardanoSharp.DbSync.EFCore", "..\cardanosharp-dbsync-efcore\CardanoSharp.DbSync.EFCore.csproj", "{BAA2058B-D0E1-41B1-9ECF-E48560B9BFD2}"
EndProject
Project("{FAE04EC0-301F-11D3-BF4B-00C04F79EFBC}") = "Infastructure", "src\Infastructure\Infastructure.csproj", "{A11F1D7D-8F1D-4319-B3B0-1072CF3B375A}"
EndProject
Global
	GlobalSection(SolutionConfigurationPlatforms) = preSolution
		Debug|Any CPU = Debug|Any CPU
		Release|Any CPU = Release|Any CPU
	EndGlobalSection
	GlobalSection(ProjectConfigurationPlatforms) = postSolution
		{AC6420E0-1956-488B-9A9D-5A9E9CDF3FD4}.Debug|Any CPU.ActiveCfg = Debug|Any CPU
		{AC6420E0-1956-488B-9A9D-5A9E9CDF3FD4}.Debug|Any CPU.Build.0 = Debug|Any CPU
		{AC6420E0-1956-488B-9A9D-5A9E9CDF3FD4}.Release|Any CPU.ActiveCfg = Release|Any CPU
		{AC6420E0-1956-488B-9A9D-5A9E9CDF3FD4}.Release|Any CPU.Build.0 = Release|Any CPU
		{50C3F6B8-51EA-480E-B2C2-05D74003ED63}.Debug|Any CPU.ActiveCfg = Debug|Any CPU
		{50C3F6B8-51EA-480E-B2C2-05D74003ED63}.Debug|Any CPU.Build.0 = Debug|Any CPU
		{50C3F6B8-51EA-480E-B2C2-05D74003ED63}.Release|Any CPU.ActiveCfg = Release|Any CPU
		{50C3F6B8-51EA-480E-B2C2-05D74003ED63}.Release|Any CPU.Build.0 = Release|Any CPU
		{E2E993B2-A1ED-4246-91EE-F8D6C5DEB41E}.Debug|Any CPU.ActiveCfg = Debug|Any CPU
		{E2E993B2-A1ED-4246-91EE-F8D6C5DEB41E}.Debug|Any CPU.Build.0 = Debug|Any CPU
		{E2E993B2-A1ED-4246-91EE-F8D6C5DEB41E}.Release|Any CPU.ActiveCfg = Release|Any CPU
		{E2E993B2-A1ED-4246-91EE-F8D6C5DEB41E}.Release|Any CPU.Build.0 = Release|Any CPU
		{129A32E9-9813-4F20-B51D-D48531D3F5D9}.Debug|Any CPU.ActiveCfg = Debug|Any CPU
		{129A32E9-9813-4F20-B51D-D48531D3F5D9}.Debug|Any CPU.Build.0 = Debug|Any CPU
		{129A32E9-9813-4F20-B51D-D48531D3F5D9}.Release|Any CPU.ActiveCfg = Release|Any CPU
		{129A32E9-9813-4F20-B51D-D48531D3F5D9}.Release|Any CPU.Build.0 = Release|Any CPU
		{BAA2058B-D0E1-41B1-9ECF-E48560B9BFD2}.Debug|Any CPU.ActiveCfg = Debug|Any CPU
		{BAA2058B-D0E1-41B1-9ECF-E48560B9BFD2}.Debug|Any CPU.Build.0 = Debug|Any CPU
		{BAA2058B-D0E1-41B1-9ECF-E48560B9BFD2}.Release|Any CPU.ActiveCfg = Release|Any CPU
		{BAA2058B-D0E1-41B1-9ECF-E48560B9BFD2}.Release|Any CPU.Build.0 = Release|Any CPU
		{A11F1D7D-8F1D-4319-B3B0-1072CF3B375A}.Debug|Any CPU.ActiveCfg = Debug|Any CPU
		{A11F1D7D-8F1D-4319-B3B0-1072CF3B375A}.Debug|Any CPU.Build.0 = Debug|Any CPU
		{A11F1D7D-8F1D-4319-B3B0-1072CF3B375A}.Release|Any CPU.ActiveCfg = Release|Any CPU
		{A11F1D7D-8F1D-4319-B3B0-1072CF3B375A}.Release|Any CPU.Build.0 = Release|Any CPU
	EndGlobalSection
	GlobalSection(SolutionProperties) = preSolution
		HideSolutionNode = FALSE
	EndGlobalSection
	GlobalSection(NestedProjects) = preSolution
		{AC6420E0-1956-488B-9A9D-5A9E9CDF3FD4} = {07AB5999-6918-465B-8385-9B74009CCDE6}
		{50C3F6B8-51EA-480E-B2C2-05D74003ED63} = {07AB5999-6918-465B-8385-9B74009CCDE6}
		{E2E993B2-A1ED-4246-91EE-F8D6C5DEB41E} = {07AB5999-6918-465B-8385-9B74009CCDE6}
		{129A32E9-9813-4F20-B51D-D48531D3F5D9} = {FCD979A0-EBC0-49A8-A2CB-A08564E2D36F}
		{099C5918-C197-4F94-9570-E16D184A6CBD} = {07AB5999-6918-465B-8385-9B74009CCDE6}
		{BAA2058B-D0E1-41B1-9ECF-E48560B9BFD2} = {099C5918-C197-4F94-9570-E16D184A6CBD}
		{A11F1D7D-8F1D-4319-B3B0-1072CF3B375A} = {07AB5999-6918-465B-8385-9B74009CCDE6}
	EndGlobalSection
	GlobalSection(ExtensibilityGlobals) = postSolution
		SolutionGuid = {3E754DD5-47FE-4651-90C3-4F448DF20BB2}
	EndGlobalSection
EndGlobal
